
Microsoft Visual Studio Solution File, Format Version 12.00
# Visual Studio Version 16
VisualStudioVersion = 16.0.30907.101
MinimumVisualStudioVersion = 10.0.40219.1
Project("{9A19103F-16F7-4668-BE54-9A1E7A4F7556}") = "P01.ActionPoint", "P01.ActionPoint\P01.ActionPoint.csproj", "{5A85D15D-C343-40DB-8F49-D92BD820B36A}"
EndProject
Project("{9A19103F-16F7-4668-BE54-9A1E7A4F7556}") = "P02.KnightsOfHonor", "P02.KnightsOfHonor\P02.KnightsOfHonor.csproj", "{08DE23C0-92B1-48E8-A2EF-573FE053033B}"
EndProject
Project("{9A19103F-16F7-4668-BE54-9A1E7A4F7556}") = "P03.CustomMinFunction", "P03.CustomMinFunction\P03.CustomMinFunction.csproj", "{CF1350B6-85C5-4181-97AA-4DE93BED4D99}"
EndProject
Project("{9A19103F-16F7-4668-BE54-9A1E7A4F7556}") = "P04.FindEvensOrOdds", "P04.FindEvensOrOdds\P04.FindEvensOrOdds.csproj", "{D3DA78A7-9AE5-43E7-8331-A9ED030F9A25}"
EndProject
Project("{9A19103F-16F7-4668-BE54-9A1E7A4F7556}") = "P05.AppliedArithmetics", "P05.AppliedArithmetics\P05.AppliedArithmetics.csproj", "{E542D018-0C83-41D3-BE37-52B99F208BB8}"
EndProject
Project("{9A19103F-16F7-4668-BE54-9A1E7A4F7556}") = "P06.ReverseAndExclude", "P06.ReverseAndExclude\P06.ReverseAndExclude.csproj", "{59FCAA94-59AF-460D-916F-E56BC9760F55}"
EndProject
Project("{9A19103F-16F7-4668-BE54-9A1E7A4F7556}") = "P07.PredicateForNames", "P07.PredicateForNames\P07.PredicateForNames.csproj", "{5FF29C5B-C5E3-4684-92DC-ADECF6A503A2}"
EndProject
Project("{9A19103F-16F7-4668-BE54-9A1E7A4F7556}") = "P08.CustomComparator", "P08.CustomComparator\P08.CustomComparator.csproj", "{AC5F541E-901C-4238-829B-49382E727216}"
EndProject
Project("{9A19103F-16F7-4668-BE54-9A1E7A4F7556}") = "P09.ListOfPredicates", "P09.ListOfPredicates\P09.ListOfPredicates.csproj", "{5FD8B01B-947B-483F-8EF8-AF3488AEA7F2}"
EndProject
Project("{9A19103F-16F7-4668-BE54-9A1E7A4F7556}") = "P10.PredicateParty!", "P10.PredicateParty!\P10.PredicateParty!.csproj", "{77AADA2C-8F0B-4DF3-B375-73FD8E90E6A9}"
EndProject
Project("{FAE04EC0-301F-11D3-BF4B-00C04F79EFBC}") = "P11.PartyReservationFilterModule", "P11.PartyReservationFilterModule\P11.PartyReservationFilterModule.csproj", "{08AA0F9F-EE6F-4C76-8EE7-B2EB975FBA7C}"
EndProject
Project("{FAE04EC0-301F-11D3-BF4B-00C04F79EFBC}") = "P12.TriFunction", "P12.TriFunction\P12.TriFunction.csproj", "{5364BAC1-B871-4413-BE1D-7D0F6CA21989}"
EndProject
Global
	GlobalSection(SolutionConfigurationPlatforms) = preSolution
		Debug|Any CPU = Debug|Any CPU
		Release|Any CPU = Release|Any CPU
	EndGlobalSection
	GlobalSection(ProjectConfigurationPlatforms) = postSolution
		{5A85D15D-C343-40DB-8F49-D92BD820B36A}.Debug|Any CPU.ActiveCfg = Debug|Any CPU
		{5A85D15D-C343-40DB-8F49-D92BD820B36A}.Debug|Any CPU.Build.0 = Debug|Any CPU
		{5A85D15D-C343-40DB-8F49-D92BD820B36A}.Release|Any CPU.ActiveCfg = Release|Any CPU
		{5A85D15D-C343-40DB-8F49-D92BD820B36A}.Release|Any CPU.Build.0 = Release|Any CPU
		{08DE23C0-92B1-48E8-A2EF-573FE053033B}.Debug|Any CPU.ActiveCfg = Debug|Any CPU
		{08DE23C0-92B1-48E8-A2EF-573FE053033B}.Debug|Any CPU.Build.0 = Debug|Any CPU
		{08DE23C0-92B1-48E8-A2EF-573FE053033B}.Release|Any CPU.ActiveCfg = Release|Any CPU
		{08DE23C0-92B1-48E8-A2EF-573FE053033B}.Release|Any CPU.Build.0 = Release|Any CPU
		{CF1350B6-85C5-4181-97AA-4DE93BED4D99}.Debug|Any CPU.ActiveCfg = Debug|Any CPU
		{CF1350B6-85C5-4181-97AA-4DE93BED4D99}.Debug|Any CPU.Build.0 = Debug|Any CPU
		{CF1350B6-85C5-4181-97AA-4DE93BED4D99}.Release|Any CPU.ActiveCfg = Release|Any CPU
		{CF1350B6-85C5-4181-97AA-4DE93BED4D99}.Release|Any CPU.Build.0 = Release|Any CPU
		{D3DA78A7-9AE5-43E7-8331-A9ED030F9A25}.Debug|Any CPU.ActiveCfg = Debug|Any CPU
		{D3DA78A7-9AE5-43E7-8331-A9ED030F9A25}.Debug|Any CPU.Build.0 = Debug|Any CPU
		{D3DA78A7-9AE5-43E7-8331-A9ED030F9A25}.Release|Any CPU.ActiveCfg = Release|Any CPU
		{D3DA78A7-9AE5-43E7-8331-A9ED030F9A25}.Release|Any CPU.Build.0 = Release|Any CPU
		{E542D018-0C83-41D3-BE37-52B99F208BB8}.Debug|Any CPU.ActiveCfg = Debug|Any CPU
		{E542D018-0C83-41D3-BE37-52B99F208BB8}.Debug|Any CPU.Build.0 = Debug|Any CPU
		{E542D018-0C83-41D3-BE37-52B99F208BB8}.Release|Any CPU.ActiveCfg = Release|Any CPU
		{E542D018-0C83-41D3-BE37-52B99F208BB8}.Release|Any CPU.Build.0 = Release|Any CPU
		{59FCAA94-59AF-460D-916F-E56BC9760F55}.Debug|Any CPU.ActiveCfg = Debug|Any CPU
		{59FCAA94-59AF-460D-916F-E56BC9760F55}.Debug|Any CPU.Build.0 = Debug|Any CPU
		{59FCAA94-59AF-460D-916F-E56BC9760F55}.Release|Any CPU.ActiveCfg = Release|Any CPU
		{59FCAA94-59AF-460D-916F-E56BC9760F55}.Release|Any CPU.Build.0 = Release|Any CPU
		{5FF29C5B-C5E3-4684-92DC-ADECF6A503A2}.Debug|Any CPU.ActiveCfg = Debug|Any CPU
		{5FF29C5B-C5E3-4684-92DC-ADECF6A503A2}.Debug|Any CPU.Build.0 = Debug|Any CPU
		{5FF29C5B-C5E3-4684-92DC-ADECF6A503A2}.Release|Any CPU.ActiveCfg = Release|Any CPU
		{5FF29C5B-C5E3-4684-92DC-ADECF6A503A2}.Release|Any CPU.Build.0 = Release|Any CPU
		{AC5F541E-901C-4238-829B-49382E727216}.Debug|Any CPU.ActiveCfg = Debug|Any CPU
		{AC5F541E-901C-4238-829B-49382E727216}.Debug|Any CPU.Build.0 = Debug|Any CPU
		{AC5F541E-901C-4238-829B-49382E727216}.Release|Any CPU.ActiveCfg = Release|Any CPU
		{AC5F541E-901C-4238-829B-49382E727216}.Release|Any CPU.Build.0 = Release|Any CPU
		{5FD8B01B-947B-483F-8EF8-AF3488AEA7F2}.Debug|Any CPU.ActiveCfg = Debug|Any CPU
		{5FD8B01B-947B-483F-8EF8-AF3488AEA7F2}.Debug|Any CPU.Build.0 = Debug|Any CPU
		{5FD8B01B-947B-483F-8EF8-AF3488AEA7F2}.Release|Any CPU.ActiveCfg = Release|Any CPU
		{5FD8B01B-947B-483F-8EF8-AF3488AEA7F2}.Release|Any CPU.Build.0 = Release|Any CPU
		{77AADA2C-8F0B-4DF3-B375-73FD8E90E6A9}.Debug|Any CPU.ActiveCfg = Debug|Any CPU
		{77AADA2C-8F0B-4DF3-B375-73FD8E90E6A9}.Debug|Any CPU.Build.0 = Debug|Any CPU
		{77AADA2C-8F0B-4DF3-B375-73FD8E90E6A9}.Release|Any CPU.ActiveCfg = Release|Any CPU
		{77AADA2C-8F0B-4DF3-B375-73FD8E90E6A9}.Release|Any CPU.Build.0 = Release|Any CPU
		{08AA0F9F-EE6F-4C76-8EE7-B2EB975FBA7C}.Debug|Any CPU.ActiveCfg = Debug|Any CPU
		{08AA0F9F-EE6F-4C76-8EE7-B2EB975FBA7C}.Debug|Any CPU.Build.0 = Debug|Any CPU
		{08AA0F9F-EE6F-4C76-8EE7-B2EB975FBA7C}.Release|Any CPU.ActiveCfg = Release|Any CPU
		{08AA0F9F-EE6F-4C76-8EE7-B2EB975FBA7C}.Release|Any CPU.Build.0 = Release|Any CPU
		{5364BAC1-B871-4413-BE1D-7D0F6CA21989}.Debug|Any CPU.ActiveCfg = Debug|Any CPU
		{5364BAC1-B871-4413-BE1D-7D0F6CA21989}.Debug|Any CPU.Build.0 = Debug|Any CPU
		{5364BAC1-B871-4413-BE1D-7D0F6CA21989}.Release|Any CPU.ActiveCfg = Release|Any CPU
		{5364BAC1-B871-4413-BE1D-7D0F6CA21989}.Release|Any CPU.Build.0 = Release|Any CPU
	EndGlobalSection
	GlobalSection(SolutionProperties) = preSolution
		HideSolutionNode = FALSE
	EndGlobalSection
	GlobalSection(ExtensibilityGlobals) = postSolution
		SolutionGuid = {EEA6080B-F170-48E8-B0AC-6B6B21F81C54}
	EndGlobalSection
EndGlobal
