
Microsoft Visual Studio Solution File, Format Version 12.00
# Visual Studio Version 16
VisualStudioVersion = 16.0.31019.35
MinimumVisualStudioVersion = 10.0.40219.1
Project("{FAE04EC0-301F-11D3-BF4B-00C04F79EFBC}") = "P01_HospitalDatabase", "P01_HospitalDatabase\P01_HospitalDatabase.csproj", "{6CB357F0-E9A9-4DCA-9469-110164C2C396}"
EndProject
Project("{FAE04EC0-301F-11D3-BF4B-00C04F79EFBC}") = "P03_SalesDatabase", "P03_SalesDatabase\P03_SalesDatabase.csproj", "{92362D1C-7476-4D86-9610-698169F58B6E}"
EndProject
Global
	GlobalSection(SolutionConfigurationPlatforms) = preSolution
		Debug|Any CPU = Debug|Any CPU
		Release|Any CPU = Release|Any CPU
	EndGlobalSection
	GlobalSection(ProjectConfigurationPlatforms) = postSolution
		{6CB357F0-E9A9-4DCA-9469-110164C2C396}.Debug|Any CPU.ActiveCfg = Debug|Any CPU
		{6CB357F0-E9A9-4DCA-9469-110164C2C396}.Debug|Any CPU.Build.0 = Debug|Any CPU
		{6CB357F0-E9A9-4DCA-9469-110164C2C396}.Release|Any CPU.ActiveCfg = Release|Any CPU
		{6CB357F0-E9A9-4DCA-9469-110164C2C396}.Release|Any CPU.Build.0 = Release|Any CPU
		{92362D1C-7476-4D86-9610-698169F58B6E}.Debug|Any CPU.ActiveCfg = Debug|Any CPU
		{92362D1C-7476-4D86-9610-698169F58B6E}.Debug|Any CPU.Build.0 = Debug|Any CPU
		{92362D1C-7476-4D86-9610-698169F58B6E}.Release|Any CPU.ActiveCfg = Release|Any CPU
		{92362D1C-7476-4D86-9610-698169F58B6E}.Release|Any CPU.Build.0 = Release|Any CPU
	EndGlobalSection
	GlobalSection(SolutionProperties) = preSolution
		HideSolutionNode = FALSE
	EndGlobalSection
	GlobalSection(ExtensibilityGlobals) = postSolution
		SolutionGuid = {EB5BBD02-CCAC-4A80-85EC-CADF7D838A53}
	EndGlobalSection
EndGlobal
