
Microsoft Visual Studio Solution File, Format Version 12.00
# Visual Studio Version 16
VisualStudioVersion = 16.0.30907.101
MinimumVisualStudioVersion = 10.0.40219.1
Project("{FAE04EC0-301F-11D3-BF4B-00C04F79EFBC}") = "CarManufacturer", "CarManufacturer\CarManufacturer.csproj", "{BCF908A5-4E4F-4380-8296-284154FD76FC}"
EndProject
Global
	GlobalSection(SolutionConfigurationPlatforms) = preSolution
		Debug|Any CPU = Debug|Any CPU
		Release|Any CPU = Release|Any CPU
	EndGlobalSection
	GlobalSection(ProjectConfigurationPlatforms) = postSolution
		{BCF908A5-4E4F-4380-8296-284154FD76FC}.Debug|Any CPU.ActiveCfg = Debug|Any CPU
		{BCF908A5-4E4F-4380-8296-284154FD76FC}.Debug|Any CPU.Build.0 = Debug|Any CPU
		{BCF908A5-4E4F-4380-8296-284154FD76FC}.Release|Any CPU.ActiveCfg = Release|Any CPU
		{BCF908A5-4E4F-4380-8296-284154FD76FC}.Release|Any CPU.Build.0 = Release|Any CPU
	EndGlobalSection
	GlobalSection(SolutionProperties) = preSolution
		HideSolutionNode = FALSE
	EndGlobalSection
	GlobalSection(ExtensibilityGlobals) = postSolution
		SolutionGuid = {DED4543C-0AF4-4B59-A1FB-E79BFC9DFC84}
	EndGlobalSection
EndGlobal
