
Microsoft Visual Studio Solution File, Format Version 12.00
# Visual Studio Version 16
VisualStudioVersion = 16.0.30907.101
MinimumVisualStudioVersion = 10.0.40219.1
Project("{FAE04EC0-301F-11D3-BF4B-00C04F79EFBC}") = "BoxOfT", "BoxOfT\BoxOfT.csproj", "{562680BB-5FEC-4DBD-8EF4-8445E4AC493A}"
EndProject
Project("{FAE04EC0-301F-11D3-BF4B-00C04F79EFBC}") = "GenericArrayCreator", "GenericArrayCreator\GenericArrayCreator.csproj", "{70BE7861-7A0A-45FA-A1BC-2B281478686F}"
EndProject
Project("{FAE04EC0-301F-11D3-BF4B-00C04F79EFBC}") = "GenericScale", "GenericScale\GenericScale.csproj", "{19BD5384-59DE-4D1A-ACC3-B853FE9C4591}"
EndProject
Global
	GlobalSection(SolutionConfigurationPlatforms) = preSolution
		Debug|Any CPU = Debug|Any CPU
		Release|Any CPU = Release|Any CPU
	EndGlobalSection
	GlobalSection(ProjectConfigurationPlatforms) = postSolution
		{562680BB-5FEC-4DBD-8EF4-8445E4AC493A}.Debug|Any CPU.ActiveCfg = Debug|Any CPU
		{562680BB-5FEC-4DBD-8EF4-8445E4AC493A}.Debug|Any CPU.Build.0 = Debug|Any CPU
		{562680BB-5FEC-4DBD-8EF4-8445E4AC493A}.Release|Any CPU.ActiveCfg = Release|Any CPU
		{562680BB-5FEC-4DBD-8EF4-8445E4AC493A}.Release|Any CPU.Build.0 = Release|Any CPU
		{70BE7861-7A0A-45FA-A1BC-2B281478686F}.Debug|Any CPU.ActiveCfg = Debug|Any CPU
		{70BE7861-7A0A-45FA-A1BC-2B281478686F}.Debug|Any CPU.Build.0 = Debug|Any CPU
		{70BE7861-7A0A-45FA-A1BC-2B281478686F}.Release|Any CPU.ActiveCfg = Release|Any CPU
		{70BE7861-7A0A-45FA-A1BC-2B281478686F}.Release|Any CPU.Build.0 = Release|Any CPU
		{19BD5384-59DE-4D1A-ACC3-B853FE9C4591}.Debug|Any CPU.ActiveCfg = Debug|Any CPU
		{19BD5384-59DE-4D1A-ACC3-B853FE9C4591}.Debug|Any CPU.Build.0 = Debug|Any CPU
		{19BD5384-59DE-4D1A-ACC3-B853FE9C4591}.Release|Any CPU.ActiveCfg = Release|Any CPU
		{19BD5384-59DE-4D1A-ACC3-B853FE9C4591}.Release|Any CPU.Build.0 = Release|Any CPU
	EndGlobalSection
	GlobalSection(SolutionProperties) = preSolution
		HideSolutionNode = FALSE
	EndGlobalSection
	GlobalSection(ExtensibilityGlobals) = postSolution
		SolutionGuid = {FB959C9E-0871-4556-954D-CF5CABA0057C}
	EndGlobalSection
EndGlobal
